
Microsoft Visual Studio Solution File, Format Version 9.00
# Visual Studio 2005
Project("{8BC9CEB8-8B4A-11D0-8D11-00A0C91BC942}") = "冒泡C", "冒泡C.vcproj", "{32B6C1E7-6619-4572-B02B-96AA4549D363}"
EndProject
Global
	GlobalSection(SolutionConfigurationPlatforms) = preSolution
		Debug|Win32 = Debug|Win32
		Release|Win32 = Release|Win32
	EndGlobalSection
	GlobalSection(ProjectConfigurationPlatforms) = postSolution
		{32B6C1E7-6619-4572-B02B-96AA4549D363}.Debug|Win32.ActiveCfg = Debug|Win32
		{32B6C1E7-6619-4572-B02B-96AA4549D363}.Debug|Win32.Build.0 = Debug|Win32
		{32B6C1E7-6619-4572-B02B-96AA4549D363}.Release|Win32.ActiveCfg = Release|Win32
		{32B6C1E7-6619-4572-B02B-96AA4549D363}.Release|Win32.Build.0 = Release|Win32
	EndGlobalSection
	GlobalSection(SolutionProperties) = preSolution
		HideSolutionNode = FALSE
	EndGlobalSection
EndGlobal
